// !$*UTF8*$!
{
	archiveVersion = 1;
	classes = {
	};
	objectVersion = 46;
	objects = {

/* Begin PBXBuildFile section */
		219C0E501579AA7200EF9602 /* UIKit.framework in Frameworks */ = {isa = PBXBuildFile; fileRef = 219C0E4F1579AA7200EF9602 /* UIKit.framework */; };
		219C0E521579AA7200EF9602 /* Foundation.framework in Frameworks */ = {isa = PBXBuildFile; fileRef = 219C0E511579AA7200EF9602 /* Foundation.framework */; };
		219C0E541579AA7200EF9602 /* CoreGraphics.framework in Frameworks */ = {isa = PBXBuildFile; fileRef = 219C0E531579AA7200EF9602 /* CoreGraphics.framework */; };
		219C0E5A1579AA7200EF9602 /* InfoPlist.strings in Resources */ = {isa = PBXBuildFile; fileRef = 219C0E581579AA7200EF9602 /* InfoPlist.strings */; };
		219C0E5C1579AA7200EF9602 /* main.m in Sources */ = {isa = PBXBuildFile; fileRef = 219C0E5B1579AA7200EF9602 /* main.m */; };
		219C0E601579AA7200EF9602 /* tutorialAAppDelegate.m in Sources */ = {isa = PBXBuildFile; fileRef = 219C0E5F1579AA7200EF9602 /* tutorialAAppDelegate.m */; };
		219C0E681579AA7200EF9602 /* SenTestingKit.framework in Frameworks */ = {isa = PBXBuildFile; fileRef = 219C0E671579AA7200EF9602 /* SenTestingKit.framework */; };
		219C0E691579AA7200EF9602 /* UIKit.framework in Frameworks */ = {isa = PBXBuildFile; fileRef = 219C0E4F1579AA7200EF9602 /* UIKit.framework */; };
		219C0E6A1579AA7200EF9602 /* Foundation.framework in Frameworks */ = {isa = PBXBuildFile; fileRef = 219C0E511579AA7200EF9602 /* Foundation.framework */; };
		219C0E721579AA7200EF9602 /* InfoPlist.strings in Resources */ = {isa = PBXBuildFile; fileRef = 219C0E701579AA7200EF9602 /* InfoPlist.strings */; };
		219C0E751579AA7200EF9602 /* TutorialJune1Tests.m in Sources */ = {isa = PBXBuildFile; fileRef = 219C0E741579AA7200EF9602 /* TutorialJune1Tests.m */; };
/* End PBXBuildFile section */

/* Begin PBXContainerItemProxy section */
		219C0E6B1579AA7200EF9602 /* PBXContainerItemProxy */ = {
			isa = PBXContainerItemProxy;
			containerPortal = 219C0E421579AA7100EF9602 /* Project object */;
			proxyType = 1;
			remoteGlobalIDString = 219C0E4A1579AA7200EF9602;
			remoteInfo = TutorialJune1;
		};
/* End PBXContainerItemProxy section */

/* Begin PBXFileReference section */
		219C0E4B1579AA7200EF9602 /* TutorialJune1.app */ = {isa = PBXFileReference; explicitFileType = wrapper.application; includeInIndex = 0; path = TutorialJune1.app; sourceTree = BUILT_PRODUCTS_DIR; };
		219C0E4F1579AA7200EF9602 /* UIKit.framework */ = {isa = PBXFileReference; lastKnownFileType = wrapper.framework; name = UIKit.framework; path = System/Library/Frameworks/UIKit.framework; sourceTree = SDKROOT; };
		219C0E511579AA7200EF9602 /* Foundation.framework */ = {isa = PBXFileReference; lastKnownFileType = wrapper.framework; name = Foundation.framework; path = System/Library/Frameworks/Foundation.framework; sourceTree = SDKROOT; };
		219C0E531579AA7200EF9602 /* CoreGraphics.framework */ = {isa = PBXFileReference; lastKnownFileType = wrapper.framework; name = CoreGraphics.framework; path = System/Library/Frameworks/CoreGraphics.framework; sourceTree = SDKROOT; };
		219C0E571579AA7200EF9602 /* TutorialJune1-Info.plist */ = {isa = PBXFileReference; path = "TutorialJune1-Info.plist"; sourceTree = "<group>"; };
		219C0E591579AA7200EF9602 /* en */ = {isa = PBXFileReference; lastKnownFileType = text.plist.strings; name = en; path = en.lproj/InfoPlist.strings; sourceTree = "<group>"; };
		219C0E5B1579AA7200EF9602 /* main.m */ = {isa = PBXFileReference; lastKnownFileType = sourcecode.c.objc; path = main.m; sourceTree = "<group>"; };
		219C0E5D1579AA7200EF9602 /* TutorialJune1-Prefix.pch */ = {isa = PBXFileReference; path = "TutorialJune1-Prefix.pch"; sourceTree = "<group>"; };
		219C0E5E1579AA7200EF9602 /* tutorialAAppDelegate.h */ = {isa = PBXFileReference; path = tutorialAAppDelegate.h; sourceTree = "<group>"; };
		219C0E5F1579AA7200EF9602 /* tutorialAAppDelegate.m */ = {isa = PBXFileReference; lastKnownFileType = sourcecode.c.objc; path = tutorialAAppDelegate.m; sourceTree = "<group>"; };
		219C0E661579AA7200EF9602 /* TutorialJune1Tests.octest */ = {isa = PBXFileReference; explicitFileType = wrapper.cfbundle; includeInIndex = 0; path = TutorialJune1Tests.octest; sourceTree = BUILT_PRODUCTS_DIR; };
		219C0E671579AA7200EF9602 /* SenTestingKit.framework */ = {isa = PBXFileReference; lastKnownFileType = wrapper.framework; name = SenTestingKit.framework; path = Library/Frameworks/SenTestingKit.framework; sourceTree = DEVELOPER_DIR; };
		219C0E6F1579AA7200EF9602 /* TutorialJune1Tests-Info.plist */ = {isa = PBXFileReference; path = "TutorialJune1Tests-Info.plist"; sourceTree = "<group>"; };
		219C0E711579AA7200EF9602 /* en */ = {isa = PBXFileReference; lastKnownFileType = text.plist.strings; name = en; path = en.lproj/InfoPlist.strings; sourceTree = "<group>"; };
		219C0E731579AA7200EF9602 /* TutorialJune1Tests.h */ = {isa = PBXFileReference; path = TutorialJune1Tests.h; sourceTree = "<group>"; };
		219C0E741579AA7200EF9602 /* TutorialJune1Tests.m */ = {isa = PBXFileReference; lastKnownFileType = sourcecode.c.objc; path = TutorialJune1Tests.m; sourceTree = "<group>"; };
/* End PBXFileReference section */

/* Begin PBXFrameworksBuildPhase section */
		219C0E481579AA7200EF9602 /* Frameworks */ = {
			isa = PBXFrameworksBuildPhase;
			buildActionMask = 2147483647;
			files = (
				219C0E501579AA7200EF9602 /* UIKit.framework in Frameworks */,
				219C0E521579AA7200EF9602 /* Foundation.framework in Frameworks */,
				219C0E541579AA7200EF9602 /* CoreGraphics.framework in Frameworks */,
			);
			runOnlyForDeploymentPostprocessing = 0;
		};
		219C0E621579AA7200EF9602 /* Frameworks */ = {
			isa = PBXFrameworksBuildPhase;
			buildActionMask = 2147483647;
			files = (
				219C0E681579AA7200EF9602 /* SenTestingKit.framework in Frameworks */,
				219C0E691579AA7200EF9602 /* UIKit.framework in Frameworks */,
				219C0E6A1579AA7200EF9602 /* Foundation.framework in Frameworks */,
			);
			runOnlyForDeploymentPostprocessing = 0;
		};
/* End PBXFrameworksBuildPhase section */

/* Begin PBXGroup section */
		219C0E401579AA7100EF9602 = {
			isa = PBXGroup;
			children = (
				219C0E551579AA7200EF9602 /* TutorialJune1 */,
				219C0E6D1579AA7200EF9602 /* TutorialJune1Tests */,
				219C0E4E1579AA7200EF9602 /* Frameworks */,
				219C0E4C1579AA7200EF9602 /* Products */,
			);
			sourceTree = "<group>";
		};
		219C0E4C1579AA7200EF9602 /* Products */ = {
			isa = PBXGroup;
			children = (
				219C0E4B1579AA7200EF9602 /* TutorialJune1.app */,
				219C0E661579AA7200EF9602 /* TutorialJune1Tests.octest */,
			);
			name = Products;
			sourceTree = "<group>";
		};
		219C0E4E1579AA7200EF9602 /* Frameworks */ = {
			isa = PBXGroup;
			children = (
				219C0E4F1579AA7200EF9602 /* UIKit.framework */,
				219C0E511579AA7200EF9602 /* Foundation.framework */,
				219C0E531579AA7200EF9602 /* CoreGraphics.framework */,
				219C0E671579AA7200EF9602 /* SenTestingKit.framework */,
			);
			name = Frameworks;
			sourceTree = "<group>";
		};
		219C0E551579AA7200EF9602 /* TutorialJune1 */ = {
			isa = PBXGroup;
			children = (
				219C0E5E1579AA7200EF9602 /* tutorialAAppDelegate.h */,
				219C0E5F1579AA7200EF9602 /* tutorialAAppDelegate.m */,
				219C0E561579AA7200EF9602 /* Supporting Files */,
			);
			path = TutorialJune1;
			sourceTree = "<group>";
		};
		219C0E561579AA7200EF9602 /* Supporting Files */ = {
			isa = PBXGroup;
			children = (
				219C0E571579AA7200EF9602 /* TutorialJune1-Info.plist */,
				219C0E581579AA7200EF9602 /* InfoPlist.strings */,
				219C0E5B1579AA7200EF9602 /* main.m */,
				219C0E5D1579AA7200EF9602 /* TutorialJune1-Prefix.pch */,
			);
			name = "Supporting Files";
			sourceTree = "<group>";
		};
		219C0E6D1579AA7200EF9602 /* TutorialJune1Tests */ = {
			isa = PBXGroup;
			children = (
				219C0E731579AA7200EF9602 /* TutorialJune1Tests.h */,
				219C0E741579AA7200EF9602 /* TutorialJune1Tests.m */,
				219C0E6E1579AA7200EF9602 /* Supporting Files */,
			);
			path = TutorialJune1Tests;
			sourceTree = "<group>";
		};
		219C0E6E1579AA7200EF9602 /* Supporting Files */ = {
			isa = PBXGroup;
			children = (
				219C0E6F1579AA7200EF9602 /* TutorialJune1Tests-Info.plist */,
				219C0E701579AA7200EF9602 /* InfoPlist.strings */,
			);
			name = "Supporting Files";
			sourceTree = "<group>";
		};
/* End PBXGroup section */

/* Begin PBXNativeTarget section */
		219C0E4A1579AA7200EF9602 /* TutorialJune1 */ = {
			isa = PBXNativeTarget;
			buildConfigurationList = 219C0E781579AA7200EF9602 /* Build configuration list for PBXNativeTarget "TutorialJune1" */;
			buildPhases = (
				219C0E471579AA7200EF9602 /* Sources */,
				219C0E481579AA7200EF9602 /* Frameworks */,
				219C0E491579AA7200EF9602 /* Resources */,
			);
			buildRules = (
			);
			dependencies = (
			);
			name = TutorialJune1;
			productName = TutorialJune1;
			productReference = 219C0E4B1579AA7200EF9602 /* TutorialJune1.app */;
			productType = "com.apple.product-type.application";
		};
		219C0E651579AA7200EF9602 /* TutorialJune1Tests */ = {
			isa = PBXNativeTarget;
			buildConfigurationList = 219C0E7B1579AA7200EF9602 /* Build configuration list for PBXNativeTarget "TutorialJune1Tests" */;
			buildPhases = (
				219C0E611579AA7200EF9602 /* Sources */,
				219C0E621579AA7200EF9602 /* Frameworks */,
				219C0E631579AA7200EF9602 /* Resources */,
				219C0E641579AA7200EF9602 /* ShellScript */,
			);
			buildRules = (
			);
			dependencies = (
				219C0E6C1579AA7200EF9602 /* PBXTargetDependency */,
			);
			name = TutorialJune1Tests;
			productName = TutorialJune1Tests;
			productReference = 219C0E661579AA7200EF9602 /* TutorialJune1Tests.octest */;
			productType = "com.apple.product-type.bundle";
		};
/* End PBXNativeTarget section */

/* Begin PBXProject section */
		219C0E421579AA7100EF9602 /* Project object */ = {
			isa = PBXProject;
			attributes = {
				CLASSPREFIX = tutorialA;
				LastUpgradeCheck = 0430;
			};
			buildConfigurationList = 219C0E451579AA7100EF9602 /* Build configuration list for PBXProject "TutorialJune1" */;
			compatibilityVersion = "Xcode 3.2";
			developmentRegion = English;
			hasScannedForEncodings = 0;
			knownRegions = (
				en,
			);
			mainGroup = 219C0E401579AA7100EF9602;
			productRefGroup = 219C0E4C1579AA7200EF9602 /* Products */;
			projectDirPath = "";
			projectRoot = "";
			targets = (
				219C0E4A1579AA7200EF9602 /* TutorialJune1 */,
				219C0E651579AA7200EF9602 /* TutorialJune1Tests */,
			);
		};
/* End PBXProject section */

/* Begin PBXResourcesBuildPhase section */
		219C0E491579AA7200EF9602 /* Resources */ = {
			isa = PBXResourcesBuildPhase;
			buildActionMask = 2147483647;
			files = (
				219C0E5A1579AA7200EF9602 /* InfoPlist.strings in Resources */,
			);
			runOnlyForDeploymentPostprocessing = 0;
		};
		219C0E631579AA7200EF9602 /* Resources */ = {
			isa = PBXResourcesBuildPhase;
			buildActionMask = 2147483647;
			files = (
				219C0E721579AA7200EF9602 /* InfoPlist.strings in Resources */,
			);
			runOnlyForDeploymentPostprocessing = 0;
		};
/* End PBXResourcesBuildPhase section */

/* Begin PBXShellScriptBuildPhase section */
		219C0E641579AA7200EF9602 /* ShellScript */ = {
			isa = PBXShellScriptBuildPhase;
			buildActionMask = 2147483647;
			files = (
			);
			inputPaths = (
			);
			outputPaths = (
			);
			runOnlyForDeploymentPostprocessing = 0;
			shellPath = /bin/sh;
			shellScript = "# Run the unit tests in this test bundle.\n\"${SYSTEM_DEVELOPER_DIR}/Tools/RunUnitTests\"\n";
		};
/* End PBXShellScriptBuildPhase section */

/* Begin PBXSourcesBuildPhase section */
		219C0E471579AA7200EF9602 /* Sources */ = {
			isa = PBXSourcesBuildPhase;
			buildActionMask = 2147483647;
			files = (
				219C0E5C1579AA7200EF9602 /* main.m in Sources */,
				219C0E601579AA7200EF9602 /* tutorialAAppDelegate.m in Sources */,
			);
			runOnlyForDeploymentPostprocessing = 0;
		};
		219C0E611579AA7200EF9602 /* Sources */ = {
			isa = PBXSourcesBuildPhase;
			buildActionMask = 2147483647;
			files = (
				219C0E751579AA7200EF9602 /* TutorialJune1Tests.m in Sources */,
			);
			runOnlyForDeploymentPostprocessing = 0;
		};
/* End PBXSourcesBuildPhase section */

/* Begin PBXTargetDependency section */
		219C0E6C1579AA7200EF9602 /* PBXTargetDependency */ = {
			isa = PBXTargetDependency;
			target = 219C0E4A1579AA7200EF9602 /* TutorialJune1 */;
			targetProxy = 219C0E6B1579AA7200EF9602 /* PBXContainerItemProxy */;
		};
/* End PBXTargetDependency section */

/* Begin PBXVariantGroup section */
		219C0E581579AA7200EF9602 /* InfoPlist.strings */ = {
			isa = PBXVariantGroup;
			children = (
				219C0E591579AA7200EF9602 /* en */,
			);
			name = InfoPlist.strings;
			sourceTree = "<group>";
		};
		219C0E701579AA7200EF9602 /* InfoPlist.strings */ = {
			isa = PBXVariantGroup;
			children = (
				219C0E711579AA7200EF9602 /* en */,
			);
			name = InfoPlist.strings;
			sourceTree = "<group>";
		};
/* End PBXVariantGroup section */

/* Begin XCBuildConfiguration section */
		219C0E761579AA7200EF9602 /* Debug */ = {
			isa = XCBuildConfiguration;
			buildSettings = {
				ALWAYS_SEARCH_USER_PATHS = NO;
				ARCHS = "$(ARCHS_STANDARD_32_BIT)";
				CLANG_ENABLE_OBJC_ARC = YES;
				"CODE_SIGN_IDENTITY[sdk=iphoneos*]" = "iPhone Developer";
				COPY_PHASE_STRIP = NO;
				GCC_C_LANGUAGE_STANDARD = gnu99;
				GCC_DYNAMIC_NO_PIC = NO;
				GCC_OPTIMIZATION_LEVEL = 0;
				GCC_PREPROCESSOR_DEFINITIONS = (
					"DEBUG=1",
					"$(inherited)",
				);
				GCC_SYMBOLS_PRIVATE_EXTERN = NO;
				GCC_VERSION = com.apple.compilers.llvm.clang.1_0;
				GCC_WARN_ABOUT_RETURN_TYPE = YES;
				GCC_WARN_UNINITIALIZED_AUTOS = YES;
				GCC_WARN_UNUSED_VARIABLE = YES;
				IPHONEOS_DEPLOYMENT_TARGET = 5.1;
				SDKROOT = iphoneos;
				TARGETED_DEVICE_FAMILY = "1,2";
			};
			name = Debug;
		};
		219C0E771579AA7200EF9602 /* Release */ = {
			isa = XCBuildConfiguration;
			buildSettings = {
				ALWAYS_SEARCH_USER_PATHS = NO;
				ARCHS = "$(ARCHS_STANDARD_32_BIT)";
				CLANG_ENABLE_OBJC_ARC = YES;
				"CODE_SIGN_IDENTITY[sdk=iphoneos*]" = "iPhone Developer";
				COPY_PHASE_STRIP = YES;
				GCC_C_LANGUAGE_STANDARD = gnu99;
				GCC_VERSION = com.apple.compilers.llvm.clang.1_0;
				GCC_WARN_ABOUT_RETURN_TYPE = YES;
				GCC_WARN_UNINITIALIZED_AUTOS = YES;
				GCC_WARN_UNUSED_VARIABLE = YES;
				IPHONEOS_DEPLOYMENT_TARGET = 5.1;
				OTHER_CFLAGS = "-DNS_BLOCK_ASSERTIONS=1";
				SDKROOT = iphoneos;
				TARGETED_DEVICE_FAMILY = "1,2";
				VALIDATE_PRODUCT = YES;
			};
			name = Release;
		};
		219C0E791579AA7200EF9602 /* Debug */ = {
			isa = XCBuildConfiguration;
			buildSettings = {
				GCC_PRECOMPILE_PREFIX_HEADER = YES;
				GCC_PREFIX_HEADER = "TutorialJune1/TutorialJune1-Prefix.pch";
				INFOPLIST_FILE = "TutorialJune1/TutorialJune1-Info.plist";
				PRODUCT_NAME = "$(TARGET_NAME)";
				WRAPPER_EXTENSION = app;
			};
			name = Debug;
		};
		219C0E7A1579AA7200EF9602 /* Release */ = {
			isa = XCBuildConfiguration;
			buildSettings = {
				GCC_PRECOMPILE_PREFIX_HEADER = YES;
				GCC_PREFIX_HEADER = "TutorialJune1/TutorialJune1-Prefix.pch";
				INFOPLIST_FILE = "TutorialJune1/TutorialJune1-Info.plist";
				PRODUCT_NAME = "$(TARGET_NAME)";
				WRAPPER_EXTENSION = app;
			};
			name = Release;
		};
		219C0E7C1579AA7200EF9602 /* Debug */ = {
			isa = XCBuildConfiguration;
			buildSettings = {
				BUNDLE_LOADER = "$(BUILT_PRODUCTS_DIR)/TutorialJune1.app/TutorialJune1";
				FRAMEWORK_SEARCH_PATHS = (
					"$(SDKROOT)/Developer/Library/Frameworks",
					"$(DEVELOPER_LIBRARY_DIR)/Frameworks",
				);
				GCC_PRECOMPILE_PREFIX_HEADER = YES;
				GCC_PREFIX_HEADER = "TutorialJune1/TutorialJune1-Prefix.pch";
				INFOPLIST_FILE = "TutorialJune1Tests/TutorialJune1Tests-Info.plist";
				PRODUCT_NAME = "$(TARGET_NAME)";
				TEST_HOST = "$(BUNDLE_LOADER)";
				WRAPPER_EXTENSION = octest;
			};
			name = Debug;
		};
		219C0E7D1579AA7200EF9602 /* Release */ = {
			isa = XCBuildConfiguration;
			buildSettings = {
				BUNDLE_LOADER = "$(BUILT_PRODUCTS_DIR)/TutorialJune1.app/TutorialJune1";
				FRAMEWORK_SEARCH_PATHS = (
					"$(SDKROOT)/Developer/Library/Frameworks",
					"$(DEVELOPER_LIBRARY_DIR)/Frameworks",
				);
				GCC_PRECOMPILE_PREFIX_HEADER = YES;
				GCC_PREFIX_HEADER = "TutorialJune1/TutorialJune1-Prefix.pch";
				INFOPLIST_FILE = "TutorialJune1Tests/TutorialJune1Tests-Info.plist";
				PRODUCT_NAME = "$(TARGET_NAME)";
				TEST_HOST = "$(BUNDLE_LOADER)";
				WRAPPER_EXTENSION = octest;
			};
			name = Release;
		};
/* End XCBuildConfiguration section */

/* Begin XCConfigurationList section */
		219C0E451579AA7100EF9602 /* Build configuration list for PBXProject "TutorialJune1" */ = {
			isa = XCConfigurationList;
			buildConfigurations = (
				219C0E761579AA7200EF9602 /* Debug */,
				219C0E771579AA7200EF9602 /* Release */,
			);
			defaultConfigurationIsVisible = 0;
			defaultConfigurationName = Release;
		};
		219C0E781579AA7200EF9602 /* Build configuration list for PBXNativeTarget "TutorialJune1" */ = {
			isa = XCConfigurationList;
			buildConfigurations = (
				219C0E791579AA7200EF9602 /* Debug */,
				219C0E7A1579AA7200EF9602 /* Release */,
			);
			defaultConfigurationIsVisible = 0;
		};
		219C0E7B1579AA7200EF9602 /* Build configuration list for PBXNativeTarget "TutorialJune1Tests" */ = {
			isa = XCConfigurationList;
			buildConfigurations = (
				219C0E7C1579AA7200EF9602 /* Debug */,
				219C0E7D1579AA7200EF9602 /* Release */,
			);
			defaultConfigurationIsVisible = 0;
		};
/* End XCConfigurationList section */
	};
	rootObject = 219C0E421579AA7100EF9602 /* Project object */;
}
